// !$*UTF8*$!
{
	archiveVersion = 1;
	classes = {
	};
	objectVersion = 50;
	objects = {

/* Begin PBXFileReference section */
		C903FE0D2281063D003B2A95 /* main.o */ = {isa = PBXFileReference; lastKnownFileType = "compiled.mach-o.objfile"; path = main.o; sourceTree = "<group>"; };
		C903FE0E2281063D003B2A95 /* cross.o */ = {isa = PBXFileReference; lastKnownFileType = "compiled.mach-o.objfile"; path = cross.o; sourceTree = "<group>"; };
		C903FE0F2281063D003B2A95 /* Makefile */ = {isa = PBXFileReference; lastKnownFileType = sourcecode.make; path = Makefile; sourceTree = "<group>"; };
		C903FE102281063D003B2A95 /* cross.cpp */ = {isa = PBXFileReference; lastKnownFileType = sourcecode.cpp.cpp; path = cross.cpp; sourceTree = "<group>"; };
		C903FE112281063D003B2A95 /* cross.hpp */ = {isa = PBXFileReference; lastKnownFileType = sourcecode.cpp.h; path = cross.hpp; sourceTree = "<group>"; };
		C903FE122281063D003B2A95 /* main.cpp */ = {isa = PBXFileReference; lastKnownFileType = sourcecode.cpp.cpp; path = main.cpp; sourceTree = "<group>"; };
/* End PBXFileReference section */

/* Begin PBXGroup section */
		C903FE072281063D003B2A95 = {
			isa = PBXGroup;
			children = (
				C903FE0D2281063D003B2A95 /* main.o */,
				C903FE0E2281063D003B2A95 /* cross.o */,
				C903FE0F2281063D003B2A95 /* Makefile */,
				C903FE102281063D003B2A95 /* cross.cpp */,
				C903FE112281063D003B2A95 /* cross.hpp */,
				C903FE122281063D003B2A95 /* main.cpp */,
			);
			sourceTree = "<group>";
		};
/* End PBXGroup section */

/* Begin PBXLegacyTarget section */
		C903FE0C2281063D003B2A95 /* src */ = {
			isa = PBXLegacyTarget;
			buildArgumentsString = "$(ACTION)";
			buildConfigurationList = C903FE132281063D003B2A95 /* Build configuration list for PBXLegacyTarget "src" */;
			buildPhases = (
			);
			buildToolPath = /usr/bin/make;
			buildWorkingDirectory = "/Users/alexandergolys/Desktop/c++/proi3/PROI_Cross/src";
			dependencies = (
			);
			name = src;
			passBuildSettingsInEnvironment = 1;
			productName = src;
		};
/* End PBXLegacyTarget section */

/* Begin PBXProject section */
		C903FE082281063D003B2A95 /* Project object */ = {
			isa = PBXProject;
			attributes = {
			};
			buildConfigurationList = C903FE0B2281063D003B2A95 /* Build configuration list for PBXProject "src" */;
			compatibilityVersion = "Xcode 9.3";
			developmentRegion = en;
			hasScannedForEncodings = 0;
			knownRegions = (
				en,
			);
			mainGroup = C903FE072281063D003B2A95;
			projectDirPath = "";
			projectRoot = "";
			targets = (
				C903FE0C2281063D003B2A95 /* src */,
			);
		};
/* End PBXProject section */

/* Begin XCBuildConfiguration section */
		C903FE092281063D003B2A95 /* Debug */ = {
			isa = XCBuildConfiguration;
			buildSettings = {
				ARCHS = "$(ARCHS_STANDARD_32_BIT)";
				COPY_PHASE_STRIP = NO;
				GCC_WARN_ABOUT_RETURN_TYPE = YES;
				GCC_WARN_UNUSED_VARIABLE = YES;
				ONLY_ACTIVE_ARCH = YES;
				SDKROOT = macosx10.6;
			};
			name = Debug;
		};
		C903FE0A2281063D003B2A95 /* Release */ = {
			isa = XCBuildConfiguration;
			buildSettings = {
				ARCHS = "$(ARCHS_STANDARD_32_BIT)";
				COPY_PHASE_STRIP = YES;
				GCC_WARN_ABOUT_RETURN_TYPE = YES;
				GCC_WARN_UNUSED_VARIABLE = YES;
				SDKROOT = macosx10.6;
			};
			name = Release;
		};
		C903FE142281063D003B2A95 /* Debug */ = {
			isa = XCBuildConfiguration;
			buildSettings = {
				COPY_PHASE_STRIP = NO;
				DEBUGGING_SYMBOLS = YES;
				GCC_DYNAMIC_NO_PIC = NO;
				GCC_ENABLE_FIX_AND_CONTINUE = YES;
				GCC_GENERATE_DEBUGGING_SYMBOLS = YES;
				GCC_OPTIMIZATION_LEVEL = 0;
				OTHER_CFLAGS = "";
				OTHER_LDFLAGS = "";
				PRODUCT_NAME = src;
			};
			name = Debug;
		};
		C903FE152281063D003B2A95 /* Release */ = {
			isa = XCBuildConfiguration;
			buildSettings = {
				COPY_PHASE_STRIP = YES;
				DEBUG_INFORMATION_FORMAT = "dwarf-with-dsym";
				GCC_ENABLE_FIX_AND_CONTINUE = NO;
				OTHER_CFLAGS = "";
				OTHER_LDFLAGS = "";
				PRODUCT_NAME = src;
			};
			name = Release;
		};
/* End XCBuildConfiguration section */

/* Begin XCConfigurationList section */
		C903FE0B2281063D003B2A95 /* Build configuration list for PBXProject "src" */ = {
			isa = XCConfigurationList;
			buildConfigurations = (
				C903FE092281063D003B2A95 /* Debug */,
				C903FE0A2281063D003B2A95 /* Release */,
			);
			defaultConfigurationIsVisible = 0;
			defaultConfigurationName = Release;
		};
		C903FE132281063D003B2A95 /* Build configuration list for PBXLegacyTarget "src" */ = {
			isa = XCConfigurationList;
			buildConfigurations = (
				C903FE142281063D003B2A95 /* Debug */,
				C903FE152281063D003B2A95 /* Release */,
			);
			defaultConfigurationIsVisible = 0;
			defaultConfigurationName = Release;
		};
/* End XCConfigurationList section */
	};
	rootObject = C903FE082281063D003B2A95 /* Project object */;
}
